
Microsoft Visual Studio Solution File, Format Version 12.00
# Visual Studio 15
VisualStudioVersion = 15.0.28010.2041
MinimumVisualStudioVersion = 10.0.40219.1
Project("{FAE04EC0-301F-11D3-BF4B-00C04F79EFBC}") = "EstuLibretaAPI", "EstuLibretaAPI\EstuLibretaAPI.csproj", "{DDDC2857-B9E1-4FEB-8380-7CA6E52505CA}"
EndProject
Global
	GlobalSection(SolutionConfigurationPlatforms) = preSolution
		Debug|Any CPU = Debug|Any CPU
		Release|Any CPU = Release|Any CPU
	EndGlobalSection
	GlobalSection(ProjectConfigurationPlatforms) = postSolution
		{DDDC2857-B9E1-4FEB-8380-7CA6E52505CA}.Debug|Any CPU.ActiveCfg = Debug|Any CPU
		{DDDC2857-B9E1-4FEB-8380-7CA6E52505CA}.Debug|Any CPU.Build.0 = Debug|Any CPU
		{DDDC2857-B9E1-4FEB-8380-7CA6E52505CA}.Release|Any CPU.ActiveCfg = Release|Any CPU
		{DDDC2857-B9E1-4FEB-8380-7CA6E52505CA}.Release|Any CPU.Build.0 = Release|Any CPU
	EndGlobalSection
	GlobalSection(SolutionProperties) = preSolution
		HideSolutionNode = FALSE
	EndGlobalSection
	GlobalSection(ExtensibilityGlobals) = postSolution
		SolutionGuid = {944BAEC6-E4F6-4FE7-B1D0-8BFD04941D21}
	EndGlobalSection
EndGlobal
